
Microsoft Visual Studio Solution File, Format Version 12.00
# Visual Studio 15
VisualStudioVersion = 15.0.27703.2047
MinimumVisualStudioVersion = 10.0.40219.1
Project("{FAE04EC0-301F-11D3-BF4B-00C04F79EFBC}") = "BarcodePrinter", "BarcodePrinter\BarcodePrinter.csproj", "{8B5446E7-8261-4FA2-A717-54A78E9CAAE3}"
EndProject
Project("{FAE04EC0-301F-11D3-BF4B-00C04F79EFBC}") = "Decrypt", "Decrypt\Decrypt.csproj", "{16D73A1D-2C48-49E0-835D-3DB35874D17C}"
EndProject
Global
	GlobalSection(SolutionConfigurationPlatforms) = preSolution
		Debug|Any CPU = Debug|Any CPU
		Debug|Mixed Platforms = Debug|Mixed Platforms
		Debug|x86 = Debug|x86
		Release|Any CPU = Release|Any CPU
		Release|Mixed Platforms = Release|Mixed Platforms
		Release|x86 = Release|x86
	EndGlobalSection
	GlobalSection(ProjectConfigurationPlatforms) = postSolution
		{8B5446E7-8261-4FA2-A717-54A78E9CAAE3}.Debug|Any CPU.ActiveCfg = Debug|Any CPU
		{8B5446E7-8261-4FA2-A717-54A78E9CAAE3}.Debug|Any CPU.Build.0 = Debug|Any CPU
		{8B5446E7-8261-4FA2-A717-54A78E9CAAE3}.Debug|Mixed Platforms.ActiveCfg = Debug|x86
		{8B5446E7-8261-4FA2-A717-54A78E9CAAE3}.Debug|Mixed Platforms.Build.0 = Debug|x86
		{8B5446E7-8261-4FA2-A717-54A78E9CAAE3}.Debug|x86.ActiveCfg = Debug|x86
		{8B5446E7-8261-4FA2-A717-54A78E9CAAE3}.Debug|x86.Build.0 = Debug|x86
		{8B5446E7-8261-4FA2-A717-54A78E9CAAE3}.Release|Any CPU.ActiveCfg = Release|Any CPU
		{8B5446E7-8261-4FA2-A717-54A78E9CAAE3}.Release|Any CPU.Build.0 = Release|Any CPU
		{8B5446E7-8261-4FA2-A717-54A78E9CAAE3}.Release|Mixed Platforms.ActiveCfg = Release|x86
		{8B5446E7-8261-4FA2-A717-54A78E9CAAE3}.Release|Mixed Platforms.Build.0 = Release|x86
		{8B5446E7-8261-4FA2-A717-54A78E9CAAE3}.Release|x86.ActiveCfg = Release|x86
		{8B5446E7-8261-4FA2-A717-54A78E9CAAE3}.Release|x86.Build.0 = Release|x86
		{16D73A1D-2C48-49E0-835D-3DB35874D17C}.Debug|Any CPU.ActiveCfg = Debug|Any CPU
		{16D73A1D-2C48-49E0-835D-3DB35874D17C}.Debug|Any CPU.Build.0 = Debug|Any CPU
		{16D73A1D-2C48-49E0-835D-3DB35874D17C}.Debug|Mixed Platforms.ActiveCfg = Debug|Any CPU
		{16D73A1D-2C48-49E0-835D-3DB35874D17C}.Debug|Mixed Platforms.Build.0 = Debug|Any CPU
		{16D73A1D-2C48-49E0-835D-3DB35874D17C}.Debug|x86.ActiveCfg = Debug|Any CPU
		{16D73A1D-2C48-49E0-835D-3DB35874D17C}.Debug|x86.Build.0 = Debug|Any CPU
		{16D73A1D-2C48-49E0-835D-3DB35874D17C}.Release|Any CPU.ActiveCfg = Release|Any CPU
		{16D73A1D-2C48-49E0-835D-3DB35874D17C}.Release|Any CPU.Build.0 = Release|Any CPU
		{16D73A1D-2C48-49E0-835D-3DB35874D17C}.Release|Mixed Platforms.ActiveCfg = Release|Any CPU
		{16D73A1D-2C48-49E0-835D-3DB35874D17C}.Release|Mixed Platforms.Build.0 = Release|Any CPU
		{16D73A1D-2C48-49E0-835D-3DB35874D17C}.Release|x86.ActiveCfg = Release|Any CPU
		{16D73A1D-2C48-49E0-835D-3DB35874D17C}.Release|x86.Build.0 = Release|Any CPU
	EndGlobalSection
	GlobalSection(SolutionProperties) = preSolution
		HideSolutionNode = FALSE
	EndGlobalSection
	GlobalSection(ExtensibilityGlobals) = postSolution
		SolutionGuid = {1FA99D83-CA78-4266-837D-2E78C6649619}
	EndGlobalSection
EndGlobal
